<?xml version="1.0" encoding="UTF-8"?>
<Scheme
   LastUpgradeVersion = "0830"
   version = "1.3">
   <BuildAction
      parallelizeBuildables = "YES"
      buildImplicitDependencies = "YES">
      <BuildActionEntries>
         <BuildActionEntry
            buildForTesting = "YES"
            buildForRunning = "YES"
            buildForProfiling = "YES"
            buildForArchiving = "YES"
            buildForAnalyzing = "YES">
            <BuildableReference
               BuildableIdentifier = "primary"
               BlueprintIdentifier = "ED53725B1DFC28D00066FF5A"
               BuildableName = "p44banditd"
               BlueprintName = "p44banditd"
               ReferencedContainer = "container:p44banditd.xcodeproj">
            </BuildableReference>
         </BuildActionEntry>
      </BuildActionEntries>
   </BuildAction>
   <TestAction
      buildConfiguration = "Debug"
      selectedDebuggerIdentifier = "Xcode.DebuggerFoundation.Debugger.LLDB"
      selectedLauncherIdentifier = "Xcode.DebuggerFoundation.Launcher.LLDB"
      shouldUseLaunchSchemeArgsEnv = "YES">
      <Testables>
      </Testables>
      <MacroExpansion>
         <BuildableReference
            BuildableIdentifier = "primary"
            BlueprintIdentifier = "ED53725B1DFC28D00066FF5A"
            BuildableName = "lethd"
            BlueprintName = "lethd"
            ReferencedContainer = "container:lethd.xcodeproj">
         </BuildableReference>
      </MacroExpansion>
      <AdditionalOptions>
      </AdditionalOptions>
   </TestAction>
   <LaunchAction
      buildConfiguration = "Debug"
      selectedDebuggerIdentifier = "Xcode.DebuggerFoundation.Debugger.LLDB"
      selectedLauncherIdentifier = "Xcode.DebuggerFoundation.Launcher.LLDB"
      launchStyle = "0"
      useCustomWorkingDirectory = "NO"
      ignoresPersistentStateOnLaunch = "NO"
      debugDocumentVersioning = "YES"
      debugServiceExtension = "internal"
      allowLocationSimulation = "YES">
      <BuildableProductRunnable
         runnableDebuggingMode = "0">
         <BuildableReference
            BuildableIdentifier = "primary"
            BlueprintIdentifier = "ED53725B1DFC28D00066FF5A"
            BuildableName = "lethd"
            BlueprintName = "lethd"
            ReferencedContainer = "container:lethd.xcodeproj">
         </BuildableReference>
      </BuildableProductRunnable>
      <CommandLineArguments>
         <CommandLineArgument
            argument = "--jsonapiport 8090"
            isEnabled = "YES">
         </CommandLineArgument>
         <CommandLineArgument
            argument = "--jsonapiipv6"
            isEnabled = "NO">
         </CommandLineArgument>
         <CommandLineArgument
            argument = "--lethdapiport 11200"
            isEnabled = "YES">
         </CommandLineArgument>
         <CommandLineArgument
            argument = "--ledchain1 /tmp/ledchainsim"
            isEnabled = "YES">
         </CommandLineArgument>
         <CommandLineArgument
            argument = "--sensor0 spi0.MCP3002@0.0"
            isEnabled = "YES">
         </CommandLineArgument>
         <CommandLineArgument
            argument = "--datapath /tmp/lethd"
            isEnabled = "YES">
         </CommandLineArgument>
         <CommandLineArgument
            argument = "--neuron 20,250"
            isEnabled = "NO">
         </CommandLineArgument>
         <CommandLineArgument
            argument = "--dispmatrix 20,10"
            isEnabled = "YES">
         </CommandLineArgument>
         <CommandLineArgument
            argument = "--button sim.button --redled sim.redled --greenled sim.greenled"
            isEnabled = "YES">
         </CommandLineArgument>
         <CommandLineArgument
            argument = "--deltatstamps"
            isEnabled = "YES">
         </CommandLineArgument>
         <CommandLineArgument
            argument = "-l 6"
            isEnabled = "YES">
         </CommandLineArgument>
         <CommandLineArgument
            argument = "-l 7"
            isEnabled = "NO">
         </CommandLineArgument>
      </CommandLineArguments>
      <AdditionalOptions>
      </AdditionalOptions>
   </LaunchAction>
   <ProfileAction
      buildConfiguration = "Release"
      shouldUseLaunchSchemeArgsEnv = "YES"
      savedToolIdentifier = ""
      useCustomWorkingDirectory = "NO"
      debugDocumentVersioning = "YES">
      <BuildableProductRunnable
         runnableDebuggingMode = "0">
         <BuildableReference
            BuildableIdentifier = "primary"
            BlueprintIdentifier = "ED53725B1DFC28D00066FF5A"
            BuildableName = "p44banditd"
            BlueprintName = "p44banditd"
            ReferencedContainer = "container:p44banditd.xcodeproj">
         </BuildableReference>
      </BuildableProductRunnable>
   </ProfileAction>
   <AnalyzeAction
      buildConfiguration = "Debug">
   </AnalyzeAction>
   <ArchiveAction
      buildConfiguration = "Release"
      revealArchiveInOrganizer = "YES">
   </ArchiveAction>
</Scheme>
